
Microsoft Visual Studio Solution File, Format Version 12.00
# Visual Studio 15
VisualStudioVersion = 15.0.28307.1169
MinimumVisualStudioVersion = 10.0.40219.1
Project("{FAE04EC0-301F-11D3-BF4B-00C04F79EFBC}") = "DMS", "DMS.csproj", "{B145FC2C-2834-4A9E-A414-C6C388CFD391}"
EndProject
Project("{2150E333-8FDC-42A3-9474-1A3956D46DE8}") = "Libraries", "Libraries", "{DBB2339F-1EAF-4174-AC10-F61D92FF2321}"
EndProject
Project("{2150E333-8FDC-42A3-9474-1A3956D46DE8}") = "Presentation", "Presentation", "{D6CD00F7-E012-4021-9468-7FE200016444}"
EndProject
Project("{FAE04EC0-301F-11D3-BF4B-00C04F79EFBC}") = "BusinessLogicLayer", "..\BusinessLogicLayer\BusinessLogicLayer.csproj", "{2635EB0A-1B90-447C-92F6-69CEDC884606}"
EndProject
Project("{FAE04EC0-301F-11D3-BF4B-00C04F79EFBC}") = "DataAccessLayer", "..\DataAccessLayer\DataAccessLayer.csproj", "{195BBA6C-9C98-4D63-90BF-AF3ECD59B729}"
EndProject
Global
	GlobalSection(SolutionConfigurationPlatforms) = preSolution
		Debug|Any CPU = Debug|Any CPU
		Release|Any CPU = Release|Any CPU
	EndGlobalSection
	GlobalSection(ProjectConfigurationPlatforms) = postSolution
		{B145FC2C-2834-4A9E-A414-C6C388CFD391}.Debug|Any CPU.ActiveCfg = Debug|Any CPU
		{B145FC2C-2834-4A9E-A414-C6C388CFD391}.Debug|Any CPU.Build.0 = Debug|Any CPU
		{B145FC2C-2834-4A9E-A414-C6C388CFD391}.Release|Any CPU.ActiveCfg = Release|Any CPU
		{B145FC2C-2834-4A9E-A414-C6C388CFD391}.Release|Any CPU.Build.0 = Release|Any CPU
		{2635EB0A-1B90-447C-92F6-69CEDC884606}.Debug|Any CPU.ActiveCfg = Debug|Any CPU
		{2635EB0A-1B90-447C-92F6-69CEDC884606}.Debug|Any CPU.Build.0 = Debug|Any CPU
		{2635EB0A-1B90-447C-92F6-69CEDC884606}.Release|Any CPU.ActiveCfg = Release|Any CPU
		{2635EB0A-1B90-447C-92F6-69CEDC884606}.Release|Any CPU.Build.0 = Release|Any CPU
		{195BBA6C-9C98-4D63-90BF-AF3ECD59B729}.Debug|Any CPU.ActiveCfg = Debug|Any CPU
		{195BBA6C-9C98-4D63-90BF-AF3ECD59B729}.Debug|Any CPU.Build.0 = Debug|Any CPU
		{195BBA6C-9C98-4D63-90BF-AF3ECD59B729}.Release|Any CPU.ActiveCfg = Release|Any CPU
		{195BBA6C-9C98-4D63-90BF-AF3ECD59B729}.Release|Any CPU.Build.0 = Release|Any CPU
	EndGlobalSection
	GlobalSection(SolutionProperties) = preSolution
		HideSolutionNode = FALSE
	EndGlobalSection
	GlobalSection(NestedProjects) = preSolution
		{B145FC2C-2834-4A9E-A414-C6C388CFD391} = {D6CD00F7-E012-4021-9468-7FE200016444}
		{2635EB0A-1B90-447C-92F6-69CEDC884606} = {DBB2339F-1EAF-4174-AC10-F61D92FF2321}
		{195BBA6C-9C98-4D63-90BF-AF3ECD59B729} = {DBB2339F-1EAF-4174-AC10-F61D92FF2321}
	EndGlobalSection
	GlobalSection(ExtensibilityGlobals) = postSolution
		SolutionGuid = {687D1445-49BB-41D0-8AC9-7BF32461AB02}
	EndGlobalSection
EndGlobal
